
Microsoft Visual Studio Solution File, Format Version 12.00
# Visual Studio Version 17
VisualStudioVersion = 17.0.31903.59
MinimumVisualStudioVersion = 10.0.40219.1
Project("{2150E333-8FDC-42A3-9474-1A3956D46DE8}") = "src", "src", "{DC2729CD-02CC-45F0-B710-022105958C52}"
EndProject
Project("{FAE04EC0-301F-11D3-BF4B-00C04F79EFBC}") = "TestOverlay.App", "src\TestOverlay.App\TestOverlay.App.csproj", "{AEF12173-7CC1-41BF-B5D1-FEE33763306C}"
EndProject
Project("{2150E333-8FDC-42A3-9474-1A3956D46DE8}") = "tools", "tools", "{A60823AA-DC3B-47D2-90F8-DDFA96C391B7}"
EndProject
Project("{FAE04EC0-301F-11D3-BF4B-00C04F79EFBC}") = "TestOverlay.DetectionProbe", "tools\TestOverlay.DetectionProbe\TestOverlay.DetectionProbe.csproj", "{3B642951-1BB0-4E06-9AB5-EF98A0A47C13}"
EndProject
Global
	GlobalSection(SolutionConfigurationPlatforms) = preSolution
		Debug|Any CPU = Debug|Any CPU
		Release|Any CPU = Release|Any CPU
	EndGlobalSection
	GlobalSection(ProjectConfigurationPlatforms) = postSolution
		{AEF12173-7CC1-41BF-B5D1-FEE33763306C}.Debug|Any CPU.ActiveCfg = Debug|Any CPU
		{AEF12173-7CC1-41BF-B5D1-FEE33763306C}.Debug|Any CPU.Build.0 = Debug|Any CPU
		{AEF12173-7CC1-41BF-B5D1-FEE33763306C}.Release|Any CPU.ActiveCfg = Release|Any CPU
		{AEF12173-7CC1-41BF-B5D1-FEE33763306C}.Release|Any CPU.Build.0 = Release|Any CPU
		{3B642951-1BB0-4E06-9AB5-EF98A0A47C13}.Debug|Any CPU.ActiveCfg = Debug|Any CPU
		{3B642951-1BB0-4E06-9AB5-EF98A0A47C13}.Debug|Any CPU.Build.0 = Debug|Any CPU
		{3B642951-1BB0-4E06-9AB5-EF98A0A47C13}.Release|Any CPU.ActiveCfg = Release|Any CPU
		{3B642951-1BB0-4E06-9AB5-EF98A0A47C13}.Release|Any CPU.Build.0 = Release|Any CPU
	EndGlobalSection
	GlobalSection(SolutionProperties) = preSolution
		HideSolutionNode = FALSE
	EndGlobalSection
	GlobalSection(NestedProjects) = preSolution
		{AEF12173-7CC1-41BF-B5D1-FEE33763306C} = {DC2729CD-02CC-45F0-B710-022105958C52}
		{3B642951-1BB0-4E06-9AB5-EF98A0A47C13} = {A60823AA-DC3B-47D2-90F8-DDFA96C391B7}
	EndGlobalSection
	GlobalSection(ExtensibilityGlobals) = postSolution
		SolutionGuid = {6A050A1C-0A95-432C-A93E-8DE27F7AC45D}
	EndGlobalSection
EndGlobal
